<?xml version="1.0" encoding="utf-8"?>
<Project ToolsVersion="4.0" xmlns="http://schemas.microsoft.com/developer/msbuild/2003">
  <ItemGroup>
    <Filter Include="소스 파일">
      <UniqueIdentifier>{4FC737F1-C7A5-4376-A066-2A32D752A2FF}</UniqueIdentifier>
      <Extensions>cpp;c;cc;cxx;c++;cppm;ixx;def;odl;idl;hpj;bat;asm;asmx</Extensions>
    </Filter>
    <Filter Include="헤더 파일">
      <UniqueIdentifier>{93995380-89BD-4b04-88EB-625FBE52EBFB}</UniqueIdentifier>
      <Extensions>h;hh;hpp;hxx;h++;hm;inl;inc;ipp;xsd</Extensions>
    </Filter>
    <Filter Include="리소스 파일">
      <UniqueIdentifier>{67DA6AB6-F800-4c08-8B7A-83BB121AAD01}</UniqueIdentifier>
      <Extensions>rc;ico;cur;bmp;dlg;rc2;rct;bin;rgs;gif;jpg;jpeg;jpe;resx;tiff;tif;png;wav;mfcribbon-ms</Extensions>
    </Filter>
    <Filter Include="MainGame">
      <UniqueIdentifier>{c00b3de6-a4e6-419a-8485-9739cbc70249}</UniqueIdentifier>
    </Filter>
    <Filter Include="Manager">
      <UniqueIdentifier>{2912a05c-ff1e-41b8-b77a-67ccdeeb2407}</UniqueIdentifier>
    </Filter>
    <Filter Include="Manager\SceneMgr">
      <UniqueIdentifier>{de1a9635-cdbb-4dee-b29e-8201e275a1da}</UniqueIdentifier>
    </Filter>
    <Filter Include="Scene">
      <UniqueIdentifier>{f371ef0c-0090-4457-a70f-25a834f2c0a8}</UniqueIdentifier>
    </Filter>
    <Filter Include="Scene\TitleScene">
      <UniqueIdentifier>{e489b6b0-e33c-4f3c-a140-a2236443472a}</UniqueIdentifier>
    </Filter>
    <Filter Include="Object">
      <UniqueIdentifier>{24d0b085-8522-41a3-803e-d23a95163792}</UniqueIdentifier>
    </Filter>
    <Filter Include="Manager\ObjMgr">
      <UniqueIdentifier>{91eb2875-97cc-4139-afa4-cae2db4a29c4}</UniqueIdentifier>
    </Filter>
    <Filter Include="Object\TestObj">
      <UniqueIdentifier>{d06d97ca-0bc9-44fa-80ec-4891ee8a0057}</UniqueIdentifier>
    </Filter>
    <Filter Include="Manager\KeyMgr">
      <UniqueIdentifier>{df163af5-fc9c-478c-a193-8507f322f7bc}</UniqueIdentifier>
    </Filter>
    <Filter Include="Manager\CollisionMgr">
      <UniqueIdentifier>{3e5640c9-764c-4970-8410-3982d0df4f54}</UniqueIdentifier>
    </Filter>
    <Filter Include="Object\SlotMachine">
      <UniqueIdentifier>{b980ea20-184d-437a-8eb2-ddabf9b592e4}</UniqueIdentifier>
    </Filter>
    <Filter Include="Object\LineJump">
      <UniqueIdentifier>{58b757e0-8e82-4adb-a4ad-4c03e5709cb2}</UniqueIdentifier>
    <Filter Include="Design">
      <UniqueIdentifier>{72464302-974f-46fa-81a3-ca906350086d}</UniqueIdentifier>
    </Filter>
    <Filter Include="Design\AbstractFactory">
      <UniqueIdentifier>{4af09abe-9d67-49cd-b91d-e15d83612c00}</UniqueIdentifier>
    </Filter>
    <Filter Include="Manager\LineMgr">
      <UniqueIdentifier>{10294ebb-015e-4d20-936d-b96ecb1eea99}</UniqueIdentifier>
    </Filter>
    <Filter Include="Manager\LineMgr\Line">
      <UniqueIdentifier>{e7f8bd72-3de2-41bf-aad5-8aefdaac1774}</UniqueIdentifier>
    </Filter>
    <Filter Include="Scene\RussianRoulletScene">
      <UniqueIdentifier>{d586a99c-7d05-4bfd-8f4b-c6f9280b72c0}</UniqueIdentifier>
    </Filter>
    <Filter Include="Object\Revolver">
      <UniqueIdentifier>{77c8bd0b-2940-4f08-849c-06f35ed44fdc}</UniqueIdentifier>
    </Filter>
    <Filter Include="Object\Revolver\Bullet">
      <UniqueIdentifier>{568050d0-2218-46be-95dc-7f1272981db3}</UniqueIdentifier>
    </Filter>
    <Filter Include="Object\Revolver\RRPlayer">
      <UniqueIdentifier>{5f8d2862-3307-4051-b7b2-242292bf21f2}</UniqueIdentifier>
    </Filter>
    <Filter Include="Object\Revolver\Magazine">
      <UniqueIdentifier>{361c4a67-3994-4063-b925-b1f7fefebc35}</UniqueIdentifier>
    </Filter>
    <Filter Include="Object\Revolver\ShotEventObserver">
      <UniqueIdentifier>{e0f0c301-e512-42f1-bee6-5db10451dc10}</UniqueIdentifier>
    </Filter>
  </ItemGroup>
  <ItemGroup>
    <ClInclude Include="framework.h">
      <Filter>헤더 파일</Filter>
    </ClInclude>
    <ClInclude Include="targetver.h">
      <Filter>헤더 파일</Filter>
    </ClInclude>
    <ClInclude Include="Resource.h">
      <Filter>헤더 파일</Filter>
    </ClInclude>
    <ClInclude Include="CasinoTeamProject.h">
      <Filter>헤더 파일</Filter>
    </ClInclude>
    <ClInclude Include="pch.h">
      <Filter>헤더 파일</Filter>
    </ClInclude>
    <ClInclude Include="Define.h">
      <Filter>헤더 파일</Filter>
    </ClInclude>
    <ClInclude Include="CSceneMgr.h">
      <Filter>Manager\SceneMgr</Filter>
    </ClInclude>
    <ClInclude Include="CScene.h">
      <Filter>Scene</Filter>
    </ClInclude>
    <ClInclude Include="CTitleScene.h">
      <Filter>Scene\TitleScene</Filter>
    </ClInclude>
    <ClInclude Include="CObj.h">
      <Filter>Object</Filter>
    </ClInclude>
    <ClInclude Include="CObjMgr.h">
      <Filter>Manager\ObjMgr</Filter>
    </ClInclude>
    <ClInclude Include="CTestCube.h">
      <Filter>Object\TestObj</Filter>
    </ClInclude>
    <ClInclude Include="CKeyMgr.h">
      <Filter>Manager\KeyMgr</Filter>
    </ClInclude>
    <ClInclude Include="CCollisionMgr.h">
      <Filter>Manager\CollisionMgr</Filter>
    </ClInclude>
    <ClInclude Include="CITemSquare.h">
      <Filter>Object\SlotMachine</Filter>
    </ClInclude>
    <ClInclude Include="CITemTriangle.h">
      <Filter>Object\SlotMachine</Filter>
    </ClInclude>
    <ClInclude Include="CSlotItem.h">
      <Filter>Object\SlotMachine</Filter>
    </ClInclude>
    <ClInclude Include="CAbstractFactory.h">
      <Filter>소스 파일</Filter>
    </ClInclude>
    <ClInclude Include="CMainGame.h">
      <Filter>MainGame</Filter>
    </ClInclude>
    <ClInclude Include="CSceneSlotMachine.h">
      <Filter>Scene</Filter>
    </ClInclude>
    <ClInclude Include="CFirstPerson.h">
      <Filter>Object\LineJump</Filter>
    </ClInclude>
    <ClInclude Include="CSecondPerson.h">
      <Filter>Object\LineJump</Filter>
    </ClInclude>
    <ClInclude Include="CRope.h">
      <Filter>Object\LineJump</Filter>
    </ClInclude>
    <ClInclude Include="CRopeDot.h">
      <Filter>Object\LineJump</Filter>
    </ClInclude>
    <ClInclude Include="CRopeLine.h">
      <Filter>Object\LineJump</Filter>
    </ClInclude>
    <ClInclude Include="CPlayerR.h">
      <Filter>Object\LineJump</Filter>
    <ClInclude Include="CAbstractFactory.h">
      <Filter>Design\AbstractFactory</Filter>
    </ClInclude>
    <ClInclude Include="CLineMgr.h">
      <Filter>Manager\LineMgr</Filter>
    </ClInclude>
    <ClInclude Include="CLine.h">
      <Filter>Manager\LineMgr\Line</Filter>
    </ClInclude>
    <ClInclude Include="CRussianRoulletScene.h">
      <Filter>Scene\RussianRoulletScene</Filter>
    </ClInclude>
    <ClInclude Include="CRevolver.h">
      <Filter>Object\Revolver</Filter>
    </ClInclude>
    <ClInclude Include="CBullet.h">
      <Filter>Object\Revolver\Bullet</Filter>
    </ClInclude>
    <ClInclude Include="CRRPlayer.h">
      <Filter>Object\Revolver\RRPlayer</Filter>
    </ClInclude>
    <ClInclude Include="CMagazine.h">
      <Filter>Object\Revolver\Magazine</Filter>
    </ClInclude>
    <ClInclude Include="CShotEventObserver.h">
      <Filter>Object\Revolver\ShotEventObserver</Filter>
    </ClInclude>
  </ItemGroup>
  <ItemGroup>
    <ClCompile Include="CasinoTeamProject.cpp">
      <Filter>소스 파일</Filter>
    </ClCompile>
    <ClCompile Include="pch.cpp">
      <Filter>소스 파일</Filter>
    </ClCompile>
    <ClCompile Include="CSceneMgr.cpp">
      <Filter>Manager\SceneMgr</Filter>
    </ClCompile>
    <ClCompile Include="CScene.cpp">
      <Filter>Scene</Filter>
    </ClCompile>
    <ClCompile Include="CTitleScene.cpp">
      <Filter>Scene\TitleScene</Filter>
    </ClCompile>
    <ClCompile Include="CObj.cpp">
      <Filter>Object</Filter>
    </ClCompile>
    <ClCompile Include="CObjMgr.cpp">
      <Filter>Manager\ObjMgr</Filter>
    </ClCompile>
    <ClCompile Include="CTestCube.cpp">
      <Filter>Object\TestObj</Filter>
    </ClCompile>
    <ClCompile Include="CKeyMgr.cpp">
      <Filter>Manager\KeyMgr</Filter>
    </ClCompile>
    <ClCompile Include="CCollisionMgr.cpp">
      <Filter>Manager\CollisionMgr</Filter>
    </ClCompile>
    <ClCompile Include="CITemSquare.cpp">
      <Filter>Object\SlotMachine</Filter>
    </ClCompile>
    <ClCompile Include="CSlotItem.cpp">
      <Filter>Object\SlotMachine</Filter>
    </ClCompile>
    <ClCompile Include="CMainGame.cpp">
      <Filter>MainGame</Filter>
    </ClCompile>
    <ClCompile Include="CSceneSlotMachine.cpp">
      <Filter>Scene</Filter>
    </ClCompile>
    <ClCompile Include="CITemTriangle.cpp">
      <Filter>Object\SlotMachine</Filter>
    </ClCompile>
    <ClCompile Include="CFirstPerson.cpp">
      <Filter>Object\LineJump</Filter>
    </ClCompile>
    <ClCompile Include="CSecondPerson.cpp">
      <Filter>Object\LineJump</Filter>
    </ClCompile>
    <ClCompile Include="CRope.cpp">
      <Filter>Object\LineJump</Filter>
    </ClCompile>
    <ClCompile Include="CRopeDot.cpp">
      <Filter>Object\LineJump</Filter>
    </ClCompile>
    <ClCompile Include="CRopeLine.cpp">
      <Filter>Object\LineJump</Filter>
    </ClCompile>
    <ClCompile Include="CPlayerR.cpp">
      <Filter>Object\LineJump</Filter>
    <ClCompile Include="CAbstractFactory.cpp">
      <Filter>Design\AbstractFactory</Filter>
    </ClCompile>
    <ClCompile Include="CLineMgr.cpp">
      <Filter>Manager\LineMgr</Filter>
    </ClCompile>
    <ClCompile Include="CLine.cpp">
      <Filter>Manager\LineMgr\Line</Filter>
    </ClCompile>
    <ClCompile Include="CRussianRoulletScene.cpp">
      <Filter>Scene\RussianRoulletScene</Filter>
    </ClCompile>
    <ClCompile Include="CRevolver.cpp">
      <Filter>Object\Revolver</Filter>
    </ClCompile>
    <ClCompile Include="CBullet.cpp">
      <Filter>Object\Revolver\Bullet</Filter>
    </ClCompile>
    <ClCompile Include="CRRPlayer.cpp">
      <Filter>Object\Revolver\RRPlayer</Filter>
    </ClCompile>
    <ClCompile Include="CMagazine.cpp">
      <Filter>Object\Revolver\Magazine</Filter>
    </ClCompile>
    <ClCompile Include="CShotEventObserver.cpp">
      <Filter>Object\Revolver\ShotEventObserver</Filter>
    </ClCompile>
  </ItemGroup>
  <ItemGroup>
    <ResourceCompile Include="CasinoTeamProject.rc">
      <Filter>리소스 파일</Filter>
    </ResourceCompile>
  </ItemGroup>
  <ItemGroup>
    <Image Include="small.ico">
      <Filter>리소스 파일</Filter>
    </Image>
    <Image Include="CasinoTeamProject.ico">
      <Filter>리소스 파일</Filter>
    </Image>
  </ItemGroup>
</Project>